
Microsoft Visual Studio Solution File, Format Version 12.00
# Visual Studio Version 16
VisualStudioVersion = 16.0.32901.82
MinimumVisualStudioVersion = 10.0.40219.1
Project("{FAE04EC0-301F-11D3-BF4B-00C04F79EFBC}") = "BookStore", "BookStore\BookStore.csproj", "{FEF644AD-90EB-4148-B8AC-F3D3AB85AB6A}"
EndProject
Global
	GlobalSection(SolutionConfigurationPlatforms) = preSolution
		Debug|Any CPU = Debug|Any CPU
		Release|Any CPU = Release|Any CPU
	EndGlobalSection
	GlobalSection(ProjectConfigurationPlatforms) = postSolution
		{FEF644AD-90EB-4148-B8AC-F3D3AB85AB6A}.Debug|Any CPU.ActiveCfg = Debug|Any CPU
		{FEF644AD-90EB-4148-B8AC-F3D3AB85AB6A}.Debug|Any CPU.Build.0 = Debug|Any CPU
		{FEF644AD-90EB-4148-B8AC-F3D3AB85AB6A}.Release|Any CPU.ActiveCfg = Release|Any CPU
		{FEF644AD-90EB-4148-B8AC-F3D3AB85AB6A}.Release|Any CPU.Build.0 = Release|Any CPU
	EndGlobalSection
	GlobalSection(SolutionProperties) = preSolution
		HideSolutionNode = FALSE
	EndGlobalSection
	GlobalSection(ExtensibilityGlobals) = postSolution
		SolutionGuid = {CE7E1EDA-07BA-49C4-96AB-3F7ED5DCF407}
	EndGlobalSection
EndGlobal
